
Microsoft Visual Studio Solution File, Format Version 12.00
# Visual Studio Version 16
VisualStudioVersion = 16.0.33214.272
MinimumVisualStudioVersion = 10.0.40219.1
Project("{FAE04EC0-301F-11D3-BF4B-00C04F79EFBC}") = "StokTakipProjesi", "StokTakipProjesi\StokTakipProjesi.csproj", "{92B3396C-4C93-4297-B1ED-26247514256B}"
EndProject
Global
	GlobalSection(SolutionConfigurationPlatforms) = preSolution
		Debug|Any CPU = Debug|Any CPU
		Release|Any CPU = Release|Any CPU
	EndGlobalSection
	GlobalSection(ProjectConfigurationPlatforms) = postSolution
		{92B3396C-4C93-4297-B1ED-26247514256B}.Debug|Any CPU.ActiveCfg = Debug|Any CPU
		{92B3396C-4C93-4297-B1ED-26247514256B}.Debug|Any CPU.Build.0 = Debug|Any CPU
		{92B3396C-4C93-4297-B1ED-26247514256B}.Release|Any CPU.ActiveCfg = Release|Any CPU
		{92B3396C-4C93-4297-B1ED-26247514256B}.Release|Any CPU.Build.0 = Release|Any CPU
	EndGlobalSection
	GlobalSection(SolutionProperties) = preSolution
		HideSolutionNode = FALSE
	EndGlobalSection
	GlobalSection(ExtensibilityGlobals) = postSolution
		SolutionGuid = {AB12C9E1-F05D-4AA5-8A59-26CB310B6389}
	EndGlobalSection
EndGlobal
